
Microsoft Visual Studio Solution File, Format Version 12.00
# Visual Studio Version 16
VisualStudioVersion = 16.0.30711.63
MinimumVisualStudioVersion = 10.0.40219.1
Project("{FAE04EC0-301F-11D3-BF4B-00C04F79EFBC}") = "MarkdownEditor", "MarkdownEditor\MarkdownEditor.csproj", "{C3B7671F-E6B6-40A9-A224-778A7F9976C7}"
EndProject
Global
	GlobalSection(SolutionConfigurationPlatforms) = preSolution
		Debug|Any CPU = Debug|Any CPU
		Release|Any CPU = Release|Any CPU
	EndGlobalSection
	GlobalSection(ProjectConfigurationPlatforms) = postSolution
		{C3B7671F-E6B6-40A9-A224-778A7F9976C7}.Debug|Any CPU.ActiveCfg = Debug|Any CPU
		{C3B7671F-E6B6-40A9-A224-778A7F9976C7}.Debug|Any CPU.Build.0 = Debug|Any CPU
		{C3B7671F-E6B6-40A9-A224-778A7F9976C7}.Release|Any CPU.ActiveCfg = Release|Any CPU
		{C3B7671F-E6B6-40A9-A224-778A7F9976C7}.Release|Any CPU.Build.0 = Release|Any CPU
	EndGlobalSection
	GlobalSection(SolutionProperties) = preSolution
		HideSolutionNode = FALSE
	EndGlobalSection
	GlobalSection(ExtensibilityGlobals) = postSolution
		SolutionGuid = {5C1455E2-C735-4D74-8FA7-15814AF894D3}
	EndGlobalSection
EndGlobal
